
Microsoft Visual Studio Solution File, Format Version 12.00
# Visual Studio Version 17
VisualStudioVersion = 17.11.35327.3
MinimumVisualStudioVersion = 10.0.40219.1
Project("{FAE04EC0-301F-11D3-BF4B-00C04F79EFBC}") = "Plantshop", "Plantshop.csproj", "{F6A5AEAC-C6C3-4EEF-BB00-B2E4B050C480}"
EndProject
Global
	GlobalSection(SolutionConfigurationPlatforms) = preSolution
		Debug|Any CPU = Debug|Any CPU
		Release|Any CPU = Release|Any CPU
	EndGlobalSection
	GlobalSection(ProjectConfigurationPlatforms) = postSolution
		{F6A5AEAC-C6C3-4EEF-BB00-B2E4B050C480}.Debug|Any CPU.ActiveCfg = Debug|Any CPU
		{F6A5AEAC-C6C3-4EEF-BB00-B2E4B050C480}.Debug|Any CPU.Build.0 = Debug|Any CPU
		{F6A5AEAC-C6C3-4EEF-BB00-B2E4B050C480}.Release|Any CPU.ActiveCfg = Release|Any CPU
		{F6A5AEAC-C6C3-4EEF-BB00-B2E4B050C480}.Release|Any CPU.Build.0 = Release|Any CPU
	EndGlobalSection
	GlobalSection(SolutionProperties) = preSolution
		HideSolutionNode = FALSE
	EndGlobalSection
	GlobalSection(ExtensibilityGlobals) = postSolution
		SolutionGuid = {CC97F907-863D-4D6F-A8FA-772B0D1420C6}
	EndGlobalSection
EndGlobal
